
Microsoft Visual Studio Solution File, Format Version 12.00
# Visual Studio Version 16
VisualStudioVersion = 16.0.29123.88
MinimumVisualStudioVersion = 10.0.40219.1
Project("{FAE04EC0-301F-11D3-BF4B-00C04F79EFBC}") = "GroceryStoreRewards", "GroceryStoreRewards.csproj", "{7099F93E-2D6F-47E2-9377-AE435B14491C}"
EndProject
Global
	GlobalSection(SolutionConfigurationPlatforms) = preSolution
		Debug|Any CPU = Debug|Any CPU
		Release|Any CPU = Release|Any CPU
	EndGlobalSection
	GlobalSection(ProjectConfigurationPlatforms) = postSolution
		{7099F93E-2D6F-47E2-9377-AE435B14491C}.Debug|Any CPU.ActiveCfg = Debug|Any CPU
		{7099F93E-2D6F-47E2-9377-AE435B14491C}.Debug|Any CPU.Build.0 = Debug|Any CPU
		{7099F93E-2D6F-47E2-9377-AE435B14491C}.Release|Any CPU.ActiveCfg = Release|Any CPU
		{7099F93E-2D6F-47E2-9377-AE435B14491C}.Release|Any CPU.Build.0 = Release|Any CPU
	EndGlobalSection
	GlobalSection(SolutionProperties) = preSolution
		HideSolutionNode = FALSE
	EndGlobalSection
	GlobalSection(ExtensibilityGlobals) = postSolution
		SolutionGuid = {151C15D9-8D37-4994-907E-02DB5644199B}
	EndGlobalSection
EndGlobal
